# This file is automatically @generated by Cargo.
# It is not intended for manual editing.
version = 4

[[package]]
name = "rox"
version = "0.7.0"

[[package]]
name = "rox-analysis"
version = "0.7.0"

[[package]]
name = "rox-cli"
version = "0.7.0"

[[package]]
name = "rox-formats"
version = "0.7.0"

[[package]]
name = "rox-macros"
version = "0.7.0"

[[package]]
name = "rox-test-utils"
version = "0.7.0"

[[package]]
name = "rox-uniffi"
version = "0.7.0"
